dependencies:
- name: eazybank-common
  repository: file://../../eazybank-common
  version: 0.1.0
- name: configserver
  repository: file://../../eazybank-services/configserver
  version: 0.1.0
- name: eurekaserver
  repository: file://../../eazybank-services/eurekaserver
  version: 0.1.0
- name: accounts
  repository: file://../../eazybank-services/accounts
  version: 0.1.0
- name: card
  repository: file://../../eazybank-services/card
  version: 0.1.0
- name: loan
  repository: file://../../eazybank-services/loan
  version: 0.1.0
- name: gatewayserver
  repository: file://../../eazybank-services/gatewayserver
  version: 0.1.0
- name: message
  repository: file://../../eazybank-services/message
  version: 0.1.0
digest: sha256:10604987cee1098ffbb0a6cea564317549b81393d1c8494bd74a2f62d8241b93
generated: "2024-03-06T11:43:31.4611383Z"
